<?xml version="1.0" encoding="utf-8"?>
<Project ToolsVersion="4.0" xmlns="http://schemas.microsoft.com/developer/msbuild/2003">
  <ItemGroup>
    <Filter Include="Source Files">
      <UniqueIdentifier>{4FC737F1-C7A5-4376-A066-2A32D752A2FF}</UniqueIdentifier>
      <Extensions>cpp;c;cc;cxx;def;odl;idl;hpj;bat;asm;asmx</Extensions>
    </Filter>
    <Filter Include="Header Files">
      <UniqueIdentifier>{93995380-89BD-4b04-88EB-625FBE52EBFB}</UniqueIdentifier>
      <Extensions>h;hh;hpp;hxx;hm;inl;inc;xsd</Extensions>
    </Filter>
    <Filter Include="Resource Files">
      <UniqueIdentifier>{D9D6E242-F8AF-46E4-B9FD-80ECBC20BA3E}</UniqueIdentifier>
      <Extensions>qrc;*</Extensions>
      <ParseFiles>false</ParseFiles>
    </Filter>
    <Filter Include="Form Files">
      <UniqueIdentifier>{99349809-55BA-4b9d-BF79-8FDBB0286EB3}</UniqueIdentifier>
      <Extensions>ui</Extensions>
    </Filter>
    <Filter Include="Resource Files">
      <UniqueIdentifier>{D9D6E242-F8AF-46E4-B9FD-80ECBC20BA3E}</UniqueIdentifier>
      <Extensions>qrc;*</Extensions>
      <ParseFiles>false</ParseFiles>
    </Filter>
    <Filter Include="Generated Files">
      <UniqueIdentifier>{71ED8ED8-ACB9-4CE9-BBE1-E00B30144E11}</UniqueIdentifier>
      <Extensions>moc;h;cpp</Extensions>
      <SourceControlFiles>False</SourceControlFiles>
    </Filter>
    <Filter Include="Generated Files\Debug">
      <UniqueIdentifier>{34176f0e-533a-442e-a183-19ccbec2ebcb}</UniqueIdentifier>
      <Extensions>cpp;moc</Extensions>
      <SourceControlFiles>False</SourceControlFiles>
    </Filter>
    <Filter Include="Generated Files\Release">
      <UniqueIdentifier>{f8c1c924-f481-422c-a29e-01964ccb80c8}</UniqueIdentifier>
      <Extensions>cpp;moc</Extensions>
      <SourceControlFiles>False</SourceControlFiles>
    </Filter>
    <Filter Include="Refactoring Files">
      <UniqueIdentifier>{fd9a01cf-ecc1-498b-ae52-b3f0e648a6a2}</UniqueIdentifier>
    </Filter>
  </ItemGroup>
  <ItemGroup>
    <ClCompile Include="main.cpp">
      <Filter>Source Files</Filter>
    </ClCompile>
    <ClCompile Include="BoDucAppGui.cpp">
      <Filter>Source Files</Filter>
    </ClCompile>
    <ClCompile Include="GeneratedFiles\Debug\moc_BoDucAppGui.cpp">
      <Filter>Generated Files\Debug</Filter>
    </ClCompile>
    <ClCompile Include="GeneratedFiles\Release\moc_BoDucAppGui.cpp">
      <Filter>Generated Files\Release</Filter>
    </ClCompile>
    <ClCompile Include="GeneratedFiles\qrc_BoDucAppGui.cpp">
      <Filter>Generated Files</Filter>
    </ClCompile>
    <ClCompile Include="BoDucApp.cpp">
      <Filter>Source Files</Filter>
    </ClCompile>
    <ClCompile Include="BoDucFields.cpp">
      <Filter>Source Files</Filter>
    </ClCompile>
    <ClCompile Include="VictoBonLivraison.cpp">
      <Filter>Source Files</Filter>
    </ClCompile>
    <ClCompile Include="BoDucWriter.cpp">
      <Filter>Source Files</Filter>
    </ClCompile>
    <ClCompile Include="BoDucParser.cpp">
      <Filter>Source Files</Filter>
    </ClCompile>
    <ClCompile Include="VictoReader.cpp">
      <Filter>Source Files</Filter>
    </ClCompile>
    <ClCompile Include="AddressParser.cpp">
      <Filter>Source Files</Filter>
    </ClCompile>
    <ClCompile Include="BuildShippedToAlgo.cpp">
      <Filter>Source Files</Filter>
    </ClCompile>
    <ClCompile Include="Refactoring\TestAddressParserImpl.cpp">
      <Filter>Refactoring Files</Filter>
    </ClCompile>
    <ClCompile Include="Refactoring\VictoDeliveryOrderImpl.cpp">
      <Filter>Refactoring Files</Filter>
    </ClCompile>
    <ClCompile Include="BoDucUtility.cpp">
      <Filter>Source Files</Filter>
    </ClCompile>
    <ClCompile Include="AddressBuilder.cpp">
      <Filter>Source Files</Filter>
    </ClCompile>
    <ClCompile Include="AddressAlgorithm.cpp">
      <Filter>Source Files</Filter>
    </ClCompile>
    <ClCompile Include="Refactoring\TestTextParsercpp.cpp">
      <Filter>Refactoring Files</Filter>
    </ClCompile>
    <ClCompile Include="BoDucReaderfix.cpp">
      <Filter>Source Files</Filter>
    </ClCompile>
  </ItemGroup>
  <ItemGroup>
    <CustomBuild Include="BoDucAppGui.h">
      <Filter>Header Files</Filter>
    </CustomBuild>
    <CustomBuild Include="BoDucAppGui.ui">
      <Filter>Form Files</Filter>
    </CustomBuild>
    <CustomBuild Include="BoDucAppGui.qrc">
      <Filter>Resource Files</Filter>
    </CustomBuild>
  </ItemGroup>
  <ItemGroup>
    <ClInclude Include="GeneratedFiles\ui_BoDucAppGui.h">
      <Filter>Generated Files</Filter>
    </ClInclude>
    <ClInclude Include="BoDucApp.h">
      <Filter>Header Files</Filter>
    </ClInclude>
    <ClInclude Include="BoDucFields.h">
      <Filter>Header Files</Filter>
    </ClInclude>
    <ClInclude Include="BoDucBonLivraisonAlgorithm.h">
      <Filter>Header Files</Filter>
    </ClInclude>
    <ClInclude Include="BoDucCsvReader.h">
      <Filter>Header Files</Filter>
    </ClInclude>
    <ClInclude Include="VictoBonLivraison.h">
      <Filter>Header Files</Filter>
    </ClInclude>
    <ClInclude Include="VictoReader.h">
      <Filter>Header Files</Filter>
    </ClInclude>
    <ClInclude Include="BoDucWriter.h">
      <Filter>Header Files</Filter>
    </ClInclude>
    <ClInclude Include="BoDucParser.h">
      <Filter>Header Files</Filter>
    </ClInclude>
    <ClInclude Include="AddressParser.h">
      <Filter>Header Files</Filter>
    </ClInclude>
    <ClInclude Include="BuildShippedToAlgo.h">
      <Filter>Header Files</Filter>
    </ClInclude>
    <ClInclude Include="AddressBuilder.h">
      <Filter>Header Files</Filter>
    </ClInclude>
    <ClInclude Include="Refactoring\TestAddressParserImpl.h">
      <Filter>Refactoring Files</Filter>
    </ClInclude>
    <ClInclude Include="Refactoring\VictoDeliveryOrderImpl.h">
      <Filter>Refactoring Files</Filter>
    </ClInclude>
    <ClInclude Include="Refactoring\line_order_iterator.hpp">
      <Filter>Refactoring Files</Filter>
    </ClInclude>
    <ClInclude Include="BoDucUtility.h">
      <Filter>Header Files</Filter>
    </ClInclude>
    <ClInclude Include="AddressAlgorithm.h">
      <Filter>Header Files</Filter>
    </ClInclude>
    <ClInclude Include="BoDucReaderfix.h">
      <Filter>Header Files</Filter>
    </ClInclude>
  </ItemGroup>
  <ItemGroup>
    <None Include="ClassDiagram.cd" />
    <None Include="ClassDiagram1.cd" />
  </ItemGroup>
</Project>