<?xml version="1.0" encoding="utf-8"?>
<Project ToolsVersion="4.0" xmlns="http://schemas.microsoft.com/developer/msbuild/2003">
  <ItemGroup>
    <Filter Include="Source Files">
      <UniqueIdentifier>{4FC737F1-C7A5-4376-A066-2A32D752A2FF}</UniqueIdentifier>
      <Extensions>cpp;c;cc;cxx;def;odl;idl;hpj;bat;asm;asmx</Extensions>
    </Filter>
    <Filter Include="Header Files">
      <UniqueIdentifier>{93995380-89BD-4b04-88EB-625FBE52EBFB}</UniqueIdentifier>
      <Extensions>h;hh;hpp;hxx;hm;inl;inc;xsd</Extensions>
    </Filter>
    <Filter Include="Test Files">
      <UniqueIdentifier>{ec8dd08e-5c75-46d0-9f70-dbb638b7d6bc}</UniqueIdentifier>
    </Filter>
  </ItemGroup>
  <ItemGroup>
    <ClCompile Include="MainApp.cpp">
      <Filter>Source Files</Filter>
    </ClCompile>
    <ClCompile Include="SimpleParseCSV.cpp">
      <Filter>Source Files</Filter>
    </ClCompile>
    <ClCompile Include="BoDucFindAlgo.cpp">
      <Filter>Source Files</Filter>
    </ClCompile>
    <ClCompile Include="BoDucApp.cpp">
      <Filter>Source Files</Filter>
    </ClCompile>
    <ClCompile Include="BoDucParsingAlgo.cpp">
      <Filter>Source Files</Filter>
    </ClCompile>
    <ClCompile Include="BoDucSignatureSplit.cpp">
      <Filter>Source Files</Filter>
    </ClCompile>
    <ClCompile Include="Test\TestTrim.cpp">
      <Filter>Test Files</Filter>
    </ClCompile>
    <ClCompile Include="VictoReader.cpp">
      <Filter>Source Files</Filter>
    </ClCompile>
    <ClCompile Include="VictoBonLivraison.cpp">
      <Filter>Source Files</Filter>
    </ClCompile>
  </ItemGroup>
  <ItemGroup>
    <ClInclude Include="ParseCSV.hpp">
      <Filter>Header Files</Filter>
    </ClInclude>
    <ClInclude Include="StructUtils.h">
      <Filter>Header Files</Filter>
    </ClInclude>
    <ClInclude Include="BoDucApp.h">
      <Filter>Header Files</Filter>
    </ClInclude>
    <ClInclude Include="BoDucParsingAlgo.h">
      <Filter>Header Files</Filter>
    </ClInclude>
    <ClInclude Include="BoDucReader.h">
      <Filter>Header Files</Filter>
    </ClInclude>
    <ClInclude Include="BoDucSignatureSplit.h">
      <Filter>Header Files</Filter>
    </ClInclude>
    <ClInclude Include="BonLivraisonAlgorithm.h">
      <Filter>Header Files</Filter>
    </ClInclude>
    <ClInclude Include="BoDucWriter.h">
      <Filter>Header Files</Filter>
    </ClInclude>
    <ClInclude Include="VictoReader.h">
      <Filter>Header Files</Filter>
    </ClInclude>
    <ClInclude Include="TestBoostStringAlgo.h">
      <Filter>Test Files</Filter>
    </ClInclude>
    <ClInclude Include="VictoBonLivraison.h">
      <Filter>Header Files</Filter>
    </ClInclude>
  </ItemGroup>
  <ItemGroup>
    <None Include="ClassDiagram.cd" />
  </ItemGroup>
</Project>