
Microsoft Visual Studio Solution File, Format Version 12.00
# Visual Studio 14
VisualStudioVersion = 14.0.25420.1
MinimumVisualStudioVersion = 10.0.40219.1
Project("{8BC9CEB8-8B4A-11D0-8D11-00A0C91BC942}") = "BoDucApp01", "BoDucApp01\BoDucApp01.vcxproj", "{614EE408-EA57-43D0-8932-39FDACE1DE3C}"
EndProject
Project("{8BC9CEB8-8B4A-11D0-8D11-00A0C91BC942}") = "ReadAndSort", "ReadAndSort\ReadAndSort.vcxproj", "{697B4224-C451-4BFB-850A-0679C1A650CF}"
EndProject
Global
	GlobalSection(SolutionConfigurationPlatforms) = preSolution
		Debug|x64 = Debug|x64
		Debug|x86 = Debug|x86
		Release|x64 = Release|x64
		Release|x86 = Release|x86
	EndGlobalSection
	GlobalSection(ProjectConfigurationPlatforms) = postSolution
		{614EE408-EA57-43D0-8932-39FDACE1DE3C}.Debug|x64.ActiveCfg = Debug|x64
		{614EE408-EA57-43D0-8932-39FDACE1DE3C}.Debug|x64.Build.0 = Debug|x64
		{614EE408-EA57-43D0-8932-39FDACE1DE3C}.Debug|x86.ActiveCfg = Debug|Win32
		{614EE408-EA57-43D0-8932-39FDACE1DE3C}.Debug|x86.Build.0 = Debug|Win32
		{614EE408-EA57-43D0-8932-39FDACE1DE3C}.Release|x64.ActiveCfg = Release|x64
		{614EE408-EA57-43D0-8932-39FDACE1DE3C}.Release|x64.Build.0 = Release|x64
		{614EE408-EA57-43D0-8932-39FDACE1DE3C}.Release|x86.ActiveCfg = Release|Win32
		{614EE408-EA57-43D0-8932-39FDACE1DE3C}.Release|x86.Build.0 = Release|Win32
		{697B4224-C451-4BFB-850A-0679C1A650CF}.Debug|x64.ActiveCfg = Debug|x64
		{697B4224-C451-4BFB-850A-0679C1A650CF}.Debug|x64.Build.0 = Debug|x64
		{697B4224-C451-4BFB-850A-0679C1A650CF}.Debug|x86.ActiveCfg = Debug|Win32
		{697B4224-C451-4BFB-850A-0679C1A650CF}.Debug|x86.Build.0 = Debug|Win32
		{697B4224-C451-4BFB-850A-0679C1A650CF}.Release|x64.ActiveCfg = Release|x64
		{697B4224-C451-4BFB-850A-0679C1A650CF}.Release|x64.Build.0 = Release|x64
		{697B4224-C451-4BFB-850A-0679C1A650CF}.Release|x86.ActiveCfg = Release|Win32
		{697B4224-C451-4BFB-850A-0679C1A650CF}.Release|x86.Build.0 = Release|Win32
	EndGlobalSection
	GlobalSection(SolutionProperties) = preSolution
		HideSolutionNode = FALSE
	EndGlobalSection
EndGlobal
